
Microsoft Visual Studio Solution File, Format Version 12.00
# Visual Studio Version 17
VisualStudioVersion = 17.4.33205.214
MinimumVisualStudioVersion = 10.0.40219.1
Project("{FAE04EC0-301F-11D3-BF4B-00C04F79EFBC}") = "TelegramMessageSender", "TelegramMessageSender\TelegramMessageSender.csproj", "{AD7131F7-D420-488C-A468-650A383EAB09}"
EndProject
Global
	GlobalSection(SolutionConfigurationPlatforms) = preSolution
		Debug|Any CPU = Debug|Any CPU
		Release|Any CPU = Release|Any CPU
	EndGlobalSection
	GlobalSection(ProjectConfigurationPlatforms) = postSolution
		{AD7131F7-D420-488C-A468-650A383EAB09}.Debug|Any CPU.ActiveCfg = Debug|Any CPU
		{AD7131F7-D420-488C-A468-650A383EAB09}.Debug|Any CPU.Build.0 = Debug|Any CPU
		{AD7131F7-D420-488C-A468-650A383EAB09}.Release|Any CPU.ActiveCfg = Release|Any CPU
		{AD7131F7-D420-488C-A468-650A383EAB09}.Release|Any CPU.Build.0 = Release|Any CPU
	EndGlobalSection
	GlobalSection(SolutionProperties) = preSolution
		HideSolutionNode = FALSE
	EndGlobalSection
	GlobalSection(ExtensibilityGlobals) = postSolution
		SolutionGuid = {7A44BE23-846C-4594-8C1F-2194EB41BBCF}
	EndGlobalSection
EndGlobal
